
Microsoft Visual Studio Solution File, Format Version 12.00
# Visual Studio Version 16
VisualStudioVersion = 16.0.30011.22
MinimumVisualStudioVersion = 10.0.40219.1
Project("{FAE04EC0-301F-11D3-BF4B-00C04F79EFBC}") = "WebApp", "WebApp\WebApp.csproj", "{41743399-2921-459D-8FCC-02E8F44166C7}"
EndProject
Global
	GlobalSection(SolutionConfigurationPlatforms) = preSolution
		Debug|Any CPU = Debug|Any CPU
		Release|Any CPU = Release|Any CPU
	EndGlobalSection
	GlobalSection(ProjectConfigurationPlatforms) = postSolution
		{41743399-2921-459D-8FCC-02E8F44166C7}.Debug|Any CPU.ActiveCfg = Debug|Any CPU
		{41743399-2921-459D-8FCC-02E8F44166C7}.Debug|Any CPU.Build.0 = Debug|Any CPU
		{41743399-2921-459D-8FCC-02E8F44166C7}.Release|Any CPU.ActiveCfg = Release|Any CPU
		{41743399-2921-459D-8FCC-02E8F44166C7}.Release|Any CPU.Build.0 = Release|Any CPU
	EndGlobalSection
	GlobalSection(SolutionProperties) = preSolution
		HideSolutionNode = FALSE
	EndGlobalSection
	GlobalSection(ExtensibilityGlobals) = postSolution
		SolutionGuid = {453F131C-2948-41DC-86D7-059192F5E8A5}
	EndGlobalSection
EndGlobal
